# @generated by Move, please check-in and do not edit manually.

[move]
version = 3
manifest_digest = "C6EE0C4002D43BBCD7FEA3857DA30F2853B37D5DDA3DF62266B92179A81603BA"
deps_digest = "F8BBB0CCB2491CA29A3DF03D6F92277A4F3574266507ACD77214D37ECA3F3082"
dependencies = [
  { id = "Sui", name = "Sui" },
]

[[move.package]]
id = "MoveStdlib"
source = { git = "https://github.com/MystenLabs/sui.git", rev = "framework/testnet", subdir = "crates/sui-framework/packages/move-stdlib" }

[[move.package]]
id = "Sui"
source = { git = "https://github.com/MystenLabs/sui.git", rev = "framework/testnet", subdir = "crates/sui-framework/packages/sui-framework" }

dependencies = [
  { id = "MoveStdlib", name = "MoveStdlib" },
]

[move.toolchain-version]
compiler-version = "1.60.1"
edition = "2024.beta"
flavor = "sui"

[env]

[env.testnet]
chain-id = "4c78adac"
original-published-id = "0x6bf6f69adf6e5cf1d69ffc43e346de907aecdad4ef211632cd0d5d60eb5c5cf2"
latest-published-id = "0x6bf6f69adf6e5cf1d69ffc43e346de907aecdad4ef211632cd0d5d60eb5c5cf2"
published-version = "1"
